{
  "name": "validate_sql_query",
  "version": "1.0.0",
  "lockfileVersion": 3,
  "requires": true,
  "packages": {
    "": {
      "name": "validate_sql_query",
      "version": "1.0.0",
      "license": "ISC",
      "dependencies": {
        "randexp": "^0.5.3",
        "regex-to-strings": "^2.1.0"
      },
      "devDependencies": {}
    },
    "node_modules/drange": {
      "version": "1.1.1",
      "resolved": "https://registry.npmjs.org/drange/-/drange-1.1.1.tgz",
      "integrity": "sha512-pYxfDYpued//QpnLIm4Avk7rsNtAtQkUES2cwAYSvD/wd2pKD71gN2Ebj3e7klzXwjocvE8c5vx/1fxwpqmSxA==",
      "engines": {
        "node": ">=4"
      }
    },
    "node_modules/escape-string-regexp": {
      "version": "4.0.0",
      "resolved": "https://registry.npmjs.org/escape-string-regexp/-/escape-string-regexp-4.0.0.tgz",
      "integrity": "sha512-TtpcNJ3XAzx3Gq8sWRzJaVajRs0uVxA2YAkdb1jm2YkPz4G6egUFAyA3n5vtEIZefPk5Wa4UXbKuS5fKkJWdgA==",
      "engines": {
        "node": ">=10"
      },
      "funding": {
        "url": "https://github.com/sponsors/sindresorhus"
      }
    },
    "node_modules/mnemonist": {
      "version": "0.39.5",
      "resolved": "https://registry.npmjs.org/mnemonist/-/mnemonist-0.39.5.tgz",
      "integrity": "sha512-FPUtkhtJ0efmEFGpU14x7jGbTB+s18LrzRL2KgoWz9YvcY3cPomz8tih01GbHwnGk/OmkOKfqd/RAQoc8Lm7DQ==",
      "dependencies": {
        "obliterator": "^2.0.1"
      }
    },
    "node_modules/obliterator": {
      "version": "2.0.4",
      "resolved": "https://registry.npmjs.org/obliterator/-/obliterator-2.0.4.tgz",
      "integrity": "sha512-lgHwxlxV1qIg1Eap7LgIeoBWIMFibOjbrYPIPJZcI1mmGAI2m3lNYpK12Y+GBdPQ0U1hRwSord7GIaawz962qQ=="
    },
    "node_modules/pandemonium": {
      "version": "2.4.1",
      "resolved": "https://registry.npmjs.org/pandemonium/-/pandemonium-2.4.1.tgz",
      "integrity": "sha512-wRqjisUyiUfXowgm7MFH2rwJzKIr20rca5FsHXCMNm1W5YPP1hCtrZfgmQ62kP7OZ7Xt+cR858aB28lu5NX55g==",
      "dependencies": {
        "mnemonist": "^0.39.2"
      }
    },
    "node_modules/randexp": {
      "version": "0.5.3",
      "resolved": "https://registry.npmjs.org/randexp/-/randexp-0.5.3.tgz",
      "integrity": "sha512-U+5l2KrcMNOUPYvazA3h5ekF80FHTUG+87SEAmHZmolh1M+i/WyTCxVzmi+tidIa1tM4BSe8g2Y/D3loWDjj+w==",
      "dependencies": {
        "drange": "^1.0.2",
        "ret": "^0.2.0"
      },
      "engines": {
        "node": ">=4"
      }
    },
    "node_modules/regex-to-strings": {
      "version": "2.1.0",
      "resolved": "https://registry.npmjs.org/regex-to-strings/-/regex-to-strings-2.1.0.tgz",
      "integrity": "sha512-IB2KMpdYwEv58X5qWTiLqKS0RijvwcVhhpcuepu/jni2Ti4hVCH27M+/Qo0r+TpwwD698rh2gaEP3UUa/Hi1ZA==",
      "dependencies": {
        "escape-string-regexp": "^4.0.0",
        "pandemonium": "^2.0.0",
        "regexp-tree": "^0.1.23"
      },
      "engines": {
        "node": ">=12"
      }
    },
    "node_modules/regexp-tree": {
      "version": "0.1.27",
      "resolved": "https://registry.npmjs.org/regexp-tree/-/regexp-tree-0.1.27.tgz",
      "integrity": "sha512-iETxpjK6YoRWJG5o6hXLwvjYAoW+FEZn9os0PD/b6AP6xQwsa/Y7lCVgIixBbUPMfhu+i2LtdeAqVTgGlQarfA==",
      "bin": {
        "regexp-tree": "bin/regexp-tree"
      }
    },
    "node_modules/ret": {
      "version": "0.2.2",
      "resolved": "https://registry.npmjs.org/ret/-/ret-0.2.2.tgz",
      "integrity": "sha512-M0b3YWQs7R3Z917WRQy1HHA7Ba7D8hvZg6UE5mLykJxQVE2ju0IXbGlaHPPlkY+WN7wFP+wUMXmBFA0aV6vYGQ==",
      "engines": {
        "node": ">=4"
      }
    }
  }
}
